
Microsoft Visual Studio Solution File, Format Version 12.00
# Visual Studio Version 17
VisualStudioVersion = 17.2.32526.322
MinimumVisualStudioVersion = 10.0.40219.1
Project("{FAE04EC0-301F-11D3-BF4B-00C04F79EFBC}") = "EF017", "EF017\EF017.csproj", "{644FF818-0E46-40E1-B5AB-2C929F3DCA8A}"
EndProject
Global
	GlobalSection(SolutionConfigurationPlatforms) = preSolution
		Debug|Any CPU = Debug|Any CPU
		Release|Any CPU = Release|Any CPU
	EndGlobalSection
	GlobalSection(ProjectConfigurationPlatforms) = postSolution
		{644FF818-0E46-40E1-B5AB-2C929F3DCA8A}.Debug|Any CPU.ActiveCfg = Debug|Any CPU
		{644FF818-0E46-40E1-B5AB-2C929F3DCA8A}.Debug|Any CPU.Build.0 = Debug|Any CPU
		{644FF818-0E46-40E1-B5AB-2C929F3DCA8A}.Release|Any CPU.ActiveCfg = Release|Any CPU
		{644FF818-0E46-40E1-B5AB-2C929F3DCA8A}.Release|Any CPU.Build.0 = Release|Any CPU
	EndGlobalSection
	GlobalSection(SolutionProperties) = preSolution
		HideSolutionNode = FALSE
	EndGlobalSection
	GlobalSection(ExtensibilityGlobals) = postSolution
		SolutionGuid = {4C8494C3-24C7-49FD-B01E-479A7D9F7AA6}
	EndGlobalSection
EndGlobal
